
Microsoft Visual Studio Solution File, Format Version 12.00
# Visual Studio Version 17
VisualStudioVersion = 17.0.31903.59
MinimumVisualStudioVersion = 10.0.40219.1
Project("{FAE04EC0-301F-11D3-BF4B-00C04F79EFBC}") = "PythonCore", "PythonCore\PythonCore.csproj", "{6C411FE2-7E21-446E-B1FA-FC8BA96137E1}"
EndProject
Project("{FAE04EC0-301F-11D3-BF4B-00C04F79EFBC}") = "PythonCoreFramework", "PythonCoreFramework\PythonCoreFramework.csproj", "{F780C406-ADF1-4F98-A817-46A39971F75F}"
EndProject
Project("{FAE04EC0-301F-11D3-BF4B-00C04F79EFBC}") = "TestPythonCoreFramework", "TestPythonCoreFramework\TestPythonCoreFramework.csproj", "{14E7465B-3B18-44D9-96FE-2634613BC047}"
EndProject
Global
	GlobalSection(SolutionConfigurationPlatforms) = preSolution
		Debug|Any CPU = Debug|Any CPU
		Release|Any CPU = Release|Any CPU
	EndGlobalSection
	GlobalSection(SolutionProperties) = preSolution
		HideSolutionNode = FALSE
	EndGlobalSection
	GlobalSection(ProjectConfigurationPlatforms) = postSolution
		{6C411FE2-7E21-446E-B1FA-FC8BA96137E1}.Debug|Any CPU.ActiveCfg = Debug|Any CPU
		{6C411FE2-7E21-446E-B1FA-FC8BA96137E1}.Debug|Any CPU.Build.0 = Debug|Any CPU
		{6C411FE2-7E21-446E-B1FA-FC8BA96137E1}.Release|Any CPU.ActiveCfg = Release|Any CPU
		{6C411FE2-7E21-446E-B1FA-FC8BA96137E1}.Release|Any CPU.Build.0 = Release|Any CPU
		{F780C406-ADF1-4F98-A817-46A39971F75F}.Debug|Any CPU.ActiveCfg = Debug|Any CPU
		{F780C406-ADF1-4F98-A817-46A39971F75F}.Debug|Any CPU.Build.0 = Debug|Any CPU
		{F780C406-ADF1-4F98-A817-46A39971F75F}.Release|Any CPU.ActiveCfg = Release|Any CPU
		{F780C406-ADF1-4F98-A817-46A39971F75F}.Release|Any CPU.Build.0 = Release|Any CPU
		{14E7465B-3B18-44D9-96FE-2634613BC047}.Debug|Any CPU.ActiveCfg = Debug|Any CPU
		{14E7465B-3B18-44D9-96FE-2634613BC047}.Debug|Any CPU.Build.0 = Debug|Any CPU
		{14E7465B-3B18-44D9-96FE-2634613BC047}.Release|Any CPU.ActiveCfg = Release|Any CPU
		{14E7465B-3B18-44D9-96FE-2634613BC047}.Release|Any CPU.Build.0 = Release|Any CPU
	EndGlobalSection
EndGlobal
